
Microsoft Visual Studio Solution File, Format Version 12.00
# Visual Studio Version 16
VisualStudioVersion = 16.0.31321.278
MinimumVisualStudioVersion = 10.0.40219.1
Project("{9A19103F-16F7-4668-BE54-9A1E7A4F7556}") = "BlazerDemoUI", "BlazerDemoUI\BlazerDemoUI.csproj", "{A584B7E0-D0E6-4FB7-928E-02BAC033EA29}"
EndProject
Project("{9A19103F-16F7-4668-BE54-9A1E7A4F7556}") = "DataAccessLibrary", "DataAccessLibrary\DataAccessLibrary.csproj", "{3C617276-43E2-4B7B-91BE-9F1662639941}"
EndProject
Global
	GlobalSection(SolutionConfigurationPlatforms) = preSolution
		Debug|Any CPU = Debug|Any CPU
		Release|Any CPU = Release|Any CPU
	EndGlobalSection
	GlobalSection(ProjectConfigurationPlatforms) = postSolution
		{A584B7E0-D0E6-4FB7-928E-02BAC033EA29}.Debug|Any CPU.ActiveCfg = Debug|Any CPU
		{A584B7E0-D0E6-4FB7-928E-02BAC033EA29}.Debug|Any CPU.Build.0 = Debug|Any CPU
		{A584B7E0-D0E6-4FB7-928E-02BAC033EA29}.Release|Any CPU.ActiveCfg = Release|Any CPU
		{A584B7E0-D0E6-4FB7-928E-02BAC033EA29}.Release|Any CPU.Build.0 = Release|Any CPU
		{3C617276-43E2-4B7B-91BE-9F1662639941}.Debug|Any CPU.ActiveCfg = Debug|Any CPU
		{3C617276-43E2-4B7B-91BE-9F1662639941}.Debug|Any CPU.Build.0 = Debug|Any CPU
		{3C617276-43E2-4B7B-91BE-9F1662639941}.Release|Any CPU.ActiveCfg = Release|Any CPU
		{3C617276-43E2-4B7B-91BE-9F1662639941}.Release|Any CPU.Build.0 = Release|Any CPU
	EndGlobalSection
	GlobalSection(SolutionProperties) = preSolution
		HideSolutionNode = FALSE
	EndGlobalSection
	GlobalSection(ExtensibilityGlobals) = postSolution
		SolutionGuid = {14D323A3-2EC5-4065-83F7-E0A6FD5C48D0}
	EndGlobalSection
EndGlobal
